// !$*UTF8*$!
{
	archiveVersion = 1;
	classes = {
	};
	objectVersion = 46;
	objects = {

/* Begin PBXBuildFile section */
		D9B504341B42E0C4002927F3 /* AppDelegate.swift in Sources */ = {isa = PBXBuildFile; fileRef = D9B504331B42E0C4002927F3 /* AppDelegate.swift */; };
		D9B504361B42E0C4002927F3 /* ViewController.swift in Sources */ = {isa = PBXBuildFile; fileRef = D9B504351B42E0C4002927F3 /* ViewController.swift */; };
		D9B504391B42E0C4002927F3 /* Main.storyboard in Resources */ = {isa = PBXBuildFile; fileRef = D9B504371B42E0C4002927F3 /* Main.storyboard */; };
		D9B5043B1B42E0C4002927F3 /* Images.xcassets in Resources */ = {isa = PBXBuildFile; fileRef = D9B5043A1B42E0C4002927F3 /* Images.xcassets */; };
		D9B5043E1B42E0C4002927F3 /* LaunchScreen.xib in Resources */ = {isa = PBXBuildFile; fileRef = D9B5043C1B42E0C4002927F3 /* LaunchScreen.xib */; };
		D9B5044A1B42E0C4002927F3 /* SlideStreamTests.swift in Sources */ = {isa = PBXBuildFile; fileRef = D9B504491B42E0C4002927F3 /* SlideStreamTests.swift */; };
		D9B504561B42E2F1002927F3 /* SlideCell.swift in Sources */ = {isa = PBXBuildFile; fileRef = D9B504551B42E2F1002927F3 /* SlideCell.swift */; };
		D9B504581B42E503002927F3 /* Slide.swift in Sources */ = {isa = PBXBuildFile; fileRef = D9B504571B42E503002927F3 /* Slide.swift */; };
		D9B5045C1B42E62E002927F3 /* DetailViewController.swift in Sources */ = {isa = PBXBuildFile; fileRef = D9B5045B1B42E62E002927F3 /* DetailViewController.swift */; };
		D9B5045E1B42E6AA002927F3 /* SlideContentCell.swift in Sources */ = {isa = PBXBuildFile; fileRef = D9B5045D1B42E6AA002927F3 /* SlideContentCell.swift */; };
		D9B504611B42E937002927F3 /* DetailTitleCell.swift in Sources */ = {isa = PBXBuildFile; fileRef = D9B504601B42E937002927F3 /* DetailTitleCell.swift */; };
/* End PBXBuildFile section */

/* Begin PBXContainerItemProxy section */
		D9B504441B42E0C4002927F3 /* PBXContainerItemProxy */ = {
			isa = PBXContainerItemProxy;
			containerPortal = D9B504261B42E0C4002927F3 /* Project object */;
			proxyType = 1;
			remoteGlobalIDString = D9B5042D1B42E0C4002927F3;
			remoteInfo = SlideStream;
		};
/* End PBXContainerItemProxy section */

/* Begin PBXFileReference section */
		D9B5042E1B42E0C4002927F3 /* SlideStream.app */ = {isa = PBXFileReference; explicitFileType = wrapper.application; includeInIndex = 0; path = SlideStream.app; sourceTree = BUILT_PRODUCTS_DIR; };
		D9B504321B42E0C4002927F3 /* Info.plist */ = {isa = PBXFileReference; lastKnownFileType = text.plist.xml; path = Info.plist; sourceTree = "<group>"; };
		D9B504331B42E0C4002927F3 /* AppDelegate.swift */ = {isa = PBXFileReference; lastKnownFileType = sourcecode.swift; path = AppDelegate.swift; sourceTree = "<group>"; };
		D9B504351B42E0C4002927F3 /* ViewController.swift */ = {isa = PBXFileReference; lastKnownFileType = sourcecode.swift; path = ViewController.swift; sourceTree = "<group>"; };
		D9B504381B42E0C4002927F3 /* Base */ = {isa = PBXFileReference; lastKnownFileType = file.storyboard; name = Base; path = Base.lproj/Main.storyboard; sourceTree = "<group>"; };
		D9B5043A1B42E0C4002927F3 /* Images.xcassets */ = {isa = PBXFileReference; lastKnownFileType = folder.assetcatalog; path = Images.xcassets; sourceTree = "<group>"; };
		D9B5043D1B42E0C4002927F3 /* Base */ = {isa = PBXFileReference; lastKnownFileType = file.xib; name = Base; path = Base.lproj/LaunchScreen.xib; sourceTree = "<group>"; };
		D9B504431B42E0C4002927F3 /* SlideStreamTests.xctest */ = {isa = PBXFileReference; explicitFileType = wrapper.cfbundle; includeInIndex = 0; path = SlideStreamTests.xctest; sourceTree = BUILT_PRODUCTS_DIR; };
		D9B504481B42E0C4002927F3 /* Info.plist */ = {isa = PBXFileReference; lastKnownFileType = text.plist.xml; path = Info.plist; sourceTree = "<group>"; };
		D9B504491B42E0C4002927F3 /* SlideStreamTests.swift */ = {isa = PBXFileReference; lastKnownFileType = sourcecode.swift; path = SlideStreamTests.swift; sourceTree = "<group>"; };
		D9B504551B42E2F1002927F3 /* SlideCell.swift */ = {isa = PBXFileReference; fileEncoding = 4; lastKnownFileType = sourcecode.swift; path = SlideCell.swift; sourceTree = "<group>"; };
		D9B504571B42E503002927F3 /* Slide.swift */ = {isa = PBXFileReference; fileEncoding = 4; lastKnownFileType = sourcecode.swift; path = Slide.swift; sourceTree = "<group>"; };
		D9B5045B1B42E62E002927F3 /* DetailViewController.swift */ = {isa = PBXFileReference; fileEncoding = 4; lastKnownFileType = sourcecode.swift; path = DetailViewController.swift; sourceTree = "<group>"; };
		D9B5045D1B42E6AA002927F3 /* SlideContentCell.swift */ = {isa = PBXFileReference; fileEncoding = 4; lastKnownFileType = sourcecode.swift; path = SlideContentCell.swift; sourceTree = "<group>"; };
		D9B504601B42E937002927F3 /* DetailTitleCell.swift */ = {isa = PBXFileReference; fileEncoding = 4; lastKnownFileType = sourcecode.swift; path = DetailTitleCell.swift; sourceTree = "<group>"; };
/* End PBXFileReference section */

/* Begin PBXFrameworksBuildPhase section */
		D9B5042B1B42E0C4002927F3 /* Frameworks */ = {
			isa = PBXFrameworksBuildPhase;
			buildActionMask = 2147483647;
			files = (
			);
			runOnlyForDeploymentPostprocessing = 0;
		};
		D9B504401B42E0C4002927F3 /* Frameworks */ = {
			isa = PBXFrameworksBuildPhase;
			buildActionMask = 2147483647;
			files = (
			);
			runOnlyForDeploymentPostprocessing = 0;
		};
/* End PBXFrameworksBuildPhase section */

/* Begin PBXGroup section */
		D9B504251B42E0C4002927F3 = {
			isa = PBXGroup;
			children = (
				D9B504301B42E0C4002927F3 /* SlideStream */,
				D9B504461B42E0C4002927F3 /* SlideStreamTests */,
				D9B5042F1B42E0C4002927F3 /* Products */,
			);
			sourceTree = "<group>";
		};
		D9B5042F1B42E0C4002927F3 /* Products */ = {
			isa = PBXGroup;
			children = (
				D9B5042E1B42E0C4002927F3 /* SlideStream.app */,
				D9B504431B42E0C4002927F3 /* SlideStreamTests.xctest */,
			);
			name = Products;
			sourceTree = "<group>";
		};
		D9B504301B42E0C4002927F3 /* SlideStream */ = {
			isa = PBXGroup;
			children = (
				D9B504541B42E2E2002927F3 /* View */,
				D9B504531B42E2DD002927F3 /* Model */,
				D9B504331B42E0C4002927F3 /* AppDelegate.swift */,
				D9B5045A1B42E61D002927F3 /* ViewController */,
				D9B504371B42E0C4002927F3 /* Main.storyboard */,
				D9B5043A1B42E0C4002927F3 /* Images.xcassets */,
				D9B5043C1B42E0C4002927F3 /* LaunchScreen.xib */,
				D9B504311B42E0C4002927F3 /* Supporting Files */,
			);
			path = SlideStream;
			sourceTree = "<group>";
		};
		D9B504311B42E0C4002927F3 /* Supporting Files */ = {
			isa = PBXGroup;
			children = (
				D9B504321B42E0C4002927F3 /* Info.plist */,
			);
			name = "Supporting Files";
			sourceTree = "<group>";
		};
		D9B504461B42E0C4002927F3 /* SlideStreamTests */ = {
			isa = PBXGroup;
			children = (
				D9B504491B42E0C4002927F3 /* SlideStreamTests.swift */,
				D9B504471B42E0C4002927F3 /* Supporting Files */,
			);
			path = SlideStreamTests;
			sourceTree = "<group>";
		};
		D9B504471B42E0C4002927F3 /* Supporting Files */ = {
			isa = PBXGroup;
			children = (
				D9B504481B42E0C4002927F3 /* Info.plist */,
			);
			name = "Supporting Files";
			sourceTree = "<group>";
		};
		D9B504531B42E2DD002927F3 /* Model */ = {
			isa = PBXGroup;
			children = (
				D9B504591B42E505002927F3 /* Entity */,
			);
			name = Model;
			sourceTree = "<group>";
		};
		D9B504541B42E2E2002927F3 /* View */ = {
			isa = PBXGroup;
			children = (
				D9B504551B42E2F1002927F3 /* SlideCell.swift */,
				D9B5045D1B42E6AA002927F3 /* SlideContentCell.swift */,
				D9B504601B42E937002927F3 /* DetailTitleCell.swift */,
			);
			name = View;
			sourceTree = "<group>";
		};
		D9B504591B42E505002927F3 /* Entity */ = {
			isa = PBXGroup;
			children = (
				D9B504571B42E503002927F3 /* Slide.swift */,
			);
			name = Entity;
			sourceTree = "<group>";
		};
		D9B5045A1B42E61D002927F3 /* ViewController */ = {
			isa = PBXGroup;
			children = (
				D9B504351B42E0C4002927F3 /* ViewController.swift */,
				D9B5045B1B42E62E002927F3 /* DetailViewController.swift */,
			);
			name = ViewController;
			sourceTree = "<group>";
		};
/* End PBXGroup section */

/* Begin PBXNativeTarget section */
		D9B5042D1B42E0C4002927F3 /* SlideStream */ = {
			isa = PBXNativeTarget;
			buildConfigurationList = D9B5044D1B42E0C4002927F3 /* Build configuration list for PBXNativeTarget "SlideStream" */;
			buildPhases = (
				D9B5042A1B42E0C4002927F3 /* Sources */,
				D9B5042B1B42E0C4002927F3 /* Frameworks */,
				D9B5042C1B42E0C4002927F3 /* Resources */,
			);
			buildRules = (
			);
			dependencies = (
			);
			name = SlideStream;
			productName = SlideStream;
			productReference = D9B5042E1B42E0C4002927F3 /* SlideStream.app */;
			productType = "com.apple.product-type.application";
		};
		D9B504421B42E0C4002927F3 /* SlideStreamTests */ = {
			isa = PBXNativeTarget;
			buildConfigurationList = D9B504501B42E0C4002927F3 /* Build configuration list for PBXNativeTarget "SlideStreamTests" */;
			buildPhases = (
				D9B5043F1B42E0C4002927F3 /* Sources */,
				D9B504401B42E0C4002927F3 /* Frameworks */,
				D9B504411B42E0C4002927F3 /* Resources */,
			);
			buildRules = (
			);
			dependencies = (
				D9B504451B42E0C4002927F3 /* PBXTargetDependency */,
			);
			name = SlideStreamTests;
			productName = SlideStreamTests;
			productReference = D9B504431B42E0C4002927F3 /* SlideStreamTests.xctest */;
			productType = "com.apple.product-type.bundle.unit-test";
		};
/* End PBXNativeTarget section */

/* Begin PBXProject section */
		D9B504261B42E0C4002927F3 /* Project object */ = {
			isa = PBXProject;
			attributes = {
				LastUpgradeCheck = 0630;
				ORGANIZATIONNAME = "Ryosuke Hiramatsu";
				TargetAttributes = {
					D9B5042D1B42E0C4002927F3 = {
						CreatedOnToolsVersion = 6.3.1;
					};
					D9B504421B42E0C4002927F3 = {
						CreatedOnToolsVersion = 6.3.1;
						TestTargetID = D9B5042D1B42E0C4002927F3;
					};
				};
			};
			buildConfigurationList = D9B504291B42E0C4002927F3 /* Build configuration list for PBXProject "SlideStream" */;
			compatibilityVersion = "Xcode 3.2";
			developmentRegion = English;
			hasScannedForEncodings = 0;
			knownRegions = (
				en,
				Base,
			);
			mainGroup = D9B504251B42E0C4002927F3;
			productRefGroup = D9B5042F1B42E0C4002927F3 /* Products */;
			projectDirPath = "";
			projectRoot = "";
			targets = (
				D9B5042D1B42E0C4002927F3 /* SlideStream */,
				D9B504421B42E0C4002927F3 /* SlideStreamTests */,
			);
		};
/* End PBXProject section */

/* Begin PBXResourcesBuildPhase section */
		D9B5042C1B42E0C4002927F3 /* Resources */ = {
			isa = PBXResourcesBuildPhase;
			buildActionMask = 2147483647;
			files = (
				D9B504391B42E0C4002927F3 /* Main.storyboard in Resources */,
				D9B5043E1B42E0C4002927F3 /* LaunchScreen.xib in Resources */,
				D9B5043B1B42E0C4002927F3 /* Images.xcassets in Resources */,
			);
			runOnlyForDeploymentPostprocessing = 0;
		};
		D9B504411B42E0C4002927F3 /* Resources */ = {
			isa = PBXResourcesBuildPhase;
			buildActionMask = 2147483647;
			files = (
			);
			runOnlyForDeploymentPostprocessing = 0;
		};
/* End PBXResourcesBuildPhase section */

/* Begin PBXSourcesBuildPhase section */
		D9B5042A1B42E0C4002927F3 /* Sources */ = {
			isa = PBXSourcesBuildPhase;
			buildActionMask = 2147483647;
			files = (
				D9B504611B42E937002927F3 /* DetailTitleCell.swift in Sources */,
				D9B504361B42E0C4002927F3 /* ViewController.swift in Sources */,
				D9B504561B42E2F1002927F3 /* SlideCell.swift in Sources */,
				D9B5045C1B42E62E002927F3 /* DetailViewController.swift in Sources */,
				D9B504341B42E0C4002927F3 /* AppDelegate.swift in Sources */,
				D9B504581B42E503002927F3 /* Slide.swift in Sources */,
				D9B5045E1B42E6AA002927F3 /* SlideContentCell.swift in Sources */,
			);
			runOnlyForDeploymentPostprocessing = 0;
		};
		D9B5043F1B42E0C4002927F3 /* Sources */ = {
			isa = PBXSourcesBuildPhase;
			buildActionMask = 2147483647;
			files = (
				D9B5044A1B42E0C4002927F3 /* SlideStreamTests.swift in Sources */,
			);
			runOnlyForDeploymentPostprocessing = 0;
		};
/* End PBXSourcesBuildPhase section */

/* Begin PBXTargetDependency section */
		D9B504451B42E0C4002927F3 /* PBXTargetDependency */ = {
			isa = PBXTargetDependency;
			target = D9B5042D1B42E0C4002927F3 /* SlideStream */;
			targetProxy = D9B504441B42E0C4002927F3 /* PBXContainerItemProxy */;
		};
/* End PBXTargetDependency section */

/* Begin PBXVariantGroup section */
		D9B504371B42E0C4002927F3 /* Main.storyboard */ = {
			isa = PBXVariantGroup;
			children = (
				D9B504381B42E0C4002927F3 /* Base */,
			);
			name = Main.storyboard;
			sourceTree = "<group>";
		};
		D9B5043C1B42E0C4002927F3 /* LaunchScreen.xib */ = {
			isa = PBXVariantGroup;
			children = (
				D9B5043D1B42E0C4002927F3 /* Base */,
			);
			name = LaunchScreen.xib;
			sourceTree = "<group>";
		};
/* End PBXVariantGroup section */

/* Begin XCBuildConfiguration section */
		D9B5044B1B42E0C4002927F3 /* Debug */ = {
			isa = XCBuildConfiguration;
			buildSettings = {
				ALWAYS_SEARCH_USER_PATHS = NO;
				CLANG_CXX_LANGUAGE_STANDARD = "gnu++0x";
				CLANG_CXX_LIBRARY = "libc++";
				CLANG_ENABLE_MODULES = YES;
				CLANG_ENABLE_OBJC_ARC = YES;
				CLANG_WARN_BOOL_CONVERSION = YES;
				CLANG_WARN_CONSTANT_CONVERSION = YES;
				CLANG_WARN_DIRECT_OBJC_ISA_USAGE = YES_ERROR;
				CLANG_WARN_EMPTY_BODY = YES;
				CLANG_WARN_ENUM_CONVERSION = YES;
				CLANG_WARN_INT_CONVERSION = YES;
				CLANG_WARN_OBJC_ROOT_CLASS = YES_ERROR;
				CLANG_WARN_UNREACHABLE_CODE = YES;
				CLANG_WARN__DUPLICATE_METHOD_MATCH = YES;
				"CODE_SIGN_IDENTITY[sdk=iphoneos*]" = "iPhone Developer";
				COPY_PHASE_STRIP = NO;
				DEBUG_INFORMATION_FORMAT = "dwarf-with-dsym";
				ENABLE_STRICT_OBJC_MSGSEND = YES;
				GCC_C_LANGUAGE_STANDARD = gnu99;
				GCC_DYNAMIC_NO_PIC = NO;
				GCC_NO_COMMON_BLOCKS = YES;
				GCC_OPTIMIZATION_LEVEL = 0;
				GCC_PREPROCESSOR_DEFINITIONS = (
					"DEBUG=1",
					"$(inherited)",
				);
				GCC_SYMBOLS_PRIVATE_EXTERN = NO;
				GCC_WARN_64_TO_32_BIT_CONVERSION = YES;
				GCC_WARN_ABOUT_RETURN_TYPE = YES_ERROR;
				GCC_WARN_UNDECLARED_SELECTOR = YES;
				GCC_WARN_UNINITIALIZED_AUTOS = YES_AGGRESSIVE;
				GCC_WARN_UNUSED_FUNCTION = YES;
				GCC_WARN_UNUSED_VARIABLE = YES;
				IPHONEOS_DEPLOYMENT_TARGET = 8.3;
				MTL_ENABLE_DEBUG_INFO = YES;
				ONLY_ACTIVE_ARCH = YES;
				SDKROOT = iphoneos;
				SWIFT_OPTIMIZATION_LEVEL = "-Onone";
			};
			name = Debug;
		};
		D9B5044C1B42E0C4002927F3 /* Release */ = {
			isa = XCBuildConfiguration;
			buildSettings = {
				ALWAYS_SEARCH_USER_PATHS = NO;
				CLANG_CXX_LANGUAGE_STANDARD = "gnu++0x";
				CLANG_CXX_LIBRARY = "libc++";
				CLANG_ENABLE_MODULES = YES;
				CLANG_ENABLE_OBJC_ARC = YES;
				CLANG_WARN_BOOL_CONVERSION = YES;
				CLANG_WARN_CONSTANT_CONVERSION = YES;
				CLANG_WARN_DIRECT_OBJC_ISA_USAGE = YES_ERROR;
				CLANG_WARN_EMPTY_BODY = YES;
				CLANG_WARN_ENUM_CONVERSION = YES;
				CLANG_WARN_INT_CONVERSION = YES;
				CLANG_WARN_OBJC_ROOT_CLASS = YES_ERROR;
				CLANG_WARN_UNREACHABLE_CODE = YES;
				CLANG_WARN__DUPLICATE_METHOD_MATCH = YES;
				"CODE_SIGN_IDENTITY[sdk=iphoneos*]" = "iPhone Developer";
				COPY_PHASE_STRIP = NO;
				DEBUG_INFORMATION_FORMAT = "dwarf-with-dsym";
				ENABLE_NS_ASSERTIONS = NO;
				ENABLE_STRICT_OBJC_MSGSEND = YES;
				GCC_C_LANGUAGE_STANDARD = gnu99;
				GCC_NO_COMMON_BLOCKS = YES;
				GCC_WARN_64_TO_32_BIT_CONVERSION = YES;
				GCC_WARN_ABOUT_RETURN_TYPE = YES_ERROR;
				GCC_WARN_UNDECLARED_SELECTOR = YES;
				GCC_WARN_UNINITIALIZED_AUTOS = YES_AGGRESSIVE;
				GCC_WARN_UNUSED_FUNCTION = YES;
				GCC_WARN_UNUSED_VARIABLE = YES;
				IPHONEOS_DEPLOYMENT_TARGET = 8.3;
				MTL_ENABLE_DEBUG_INFO = NO;
				SDKROOT = iphoneos;
				VALIDATE_PRODUCT = YES;
			};
			name = Release;
		};
		D9B5044E1B42E0C4002927F3 /* Debug */ = {
			isa = XCBuildConfiguration;
			buildSettings = {
				ASSETCATALOG_COMPILER_APPICON_NAME = AppIcon;
				INFOPLIST_FILE = SlideStream/Info.plist;
				LD_RUNPATH_SEARCH_PATHS = "$(inherited) @executable_path/Frameworks";
				PRODUCT_NAME = "$(TARGET_NAME)";
			};
			name = Debug;
		};
		D9B5044F1B42E0C4002927F3 /* Release */ = {
			isa = XCBuildConfiguration;
			buildSettings = {
				ASSETCATALOG_COMPILER_APPICON_NAME = AppIcon;
				INFOPLIST_FILE = SlideStream/Info.plist;
				LD_RUNPATH_SEARCH_PATHS = "$(inherited) @executable_path/Frameworks";
				PRODUCT_NAME = "$(TARGET_NAME)";
			};
			name = Release;
		};
		D9B504511B42E0C4002927F3 /* Debug */ = {
			isa = XCBuildConfiguration;
			buildSettings = {
				BUNDLE_LOADER = "$(TEST_HOST)";
				FRAMEWORK_SEARCH_PATHS = (
					"$(SDKROOT)/Developer/Library/Frameworks",
					"$(inherited)",
				);
				GCC_PREPROCESSOR_DEFINITIONS = (
					"DEBUG=1",
					"$(inherited)",
				);
				INFOPLIST_FILE = SlideStreamTests/Info.plist;
				LD_RUNPATH_SEARCH_PATHS = "$(inherited) @executable_path/Frameworks @loader_path/Frameworks";
				PRODUCT_NAME = "$(TARGET_NAME)";
				TEST_HOST = "$(BUILT_PRODUCTS_DIR)/SlideStream.app/SlideStream";
			};
			name = Debug;
		};
		D9B504521B42E0C4002927F3 /* Release */ = {
			isa = XCBuildConfiguration;
			buildSettings = {
				BUNDLE_LOADER = "$(TEST_HOST)";
				FRAMEWORK_SEARCH_PATHS = (
					"$(SDKROOT)/Developer/Library/Frameworks",
					"$(inherited)",
				);
				INFOPLIST_FILE = SlideStreamTests/Info.plist;
				LD_RUNPATH_SEARCH_PATHS = "$(inherited) @executable_path/Frameworks @loader_path/Frameworks";
				PRODUCT_NAME = "$(TARGET_NAME)";
				TEST_HOST = "$(BUILT_PRODUCTS_DIR)/SlideStream.app/SlideStream";
			};
			name = Release;
		};
/* End XCBuildConfiguration section */

/* Begin XCConfigurationList section */
		D9B504291B42E0C4002927F3 /* Build configuration list for PBXProject "SlideStream" */ = {
			isa = XCConfigurationList;
			buildConfigurations = (
				D9B5044B1B42E0C4002927F3 /* Debug */,
				D9B5044C1B42E0C4002927F3 /* Release */,
			);
			defaultConfigurationIsVisible = 0;
			defaultConfigurationName = Release;
		};
		D9B5044D1B42E0C4002927F3 /* Build configuration list for PBXNativeTarget "SlideStream" */ = {
			isa = XCConfigurationList;
			buildConfigurations = (
				D9B5044E1B42E0C4002927F3 /* Debug */,
				D9B5044F1B42E0C4002927F3 /* Release */,
			);
			defaultConfigurationIsVisible = 0;
			defaultConfigurationName = Release;
		};
		D9B504501B42E0C4002927F3 /* Build configuration list for PBXNativeTarget "SlideStreamTests" */ = {
			isa = XCConfigurationList;
			buildConfigurations = (
				D9B504511B42E0C4002927F3 /* Debug */,
				D9B504521B42E0C4002927F3 /* Release */,
			);
			defaultConfigurationIsVisible = 0;
			defaultConfigurationName = Release;
		};
/* End XCConfigurationList section */
	};
	rootObject = D9B504261B42E0C4002927F3 /* Project object */;
}
